
Microsoft Visual Studio Solution File, Format Version 12.00
Project("{2150E333-8FDC-42A3-9474-1A3956D46DE8}") = "Session1", "Session1", "{5B830EDD-E204-4646-9F2F-625BD7DC7C60}"
EndProject
Project("{FAE04EC0-301F-11D3-BF4B-00C04F79EFBC}") = "S1-Excercise1", "S1-Excercise1\S1-Excercise1.csproj", "{0670D89F-C9AE-4545-A147-46AB7B171E74}"
EndProject
Project("{FAE04EC0-301F-11D3-BF4B-00C04F79EFBC}") = "PrintingNumbers", "PrintingNumbers\PrintingNumbers.csproj", "{B20023BC-A6CA-4910-A19C-544AE6BF990E}"
EndProject
Project("{FAE04EC0-301F-11D3-BF4B-00C04F79EFBC}") = "MathLab", "MathLab\MathLab.csproj", "{BB8277A8-85F9-4572-A9B4-A27E680F9D79}"
EndProject
Project("{FAE04EC0-301F-11D3-BF4B-00C04F79EFBC}") = "AbbA", "AbbA\AbbA\AbbA.csproj", "{3062CA2E-59DB-44E4-B717-DFBA5FDF3E48}"
EndProject
Project("{2150E333-8FDC-42A3-9474-1A3956D46DE8}") = "ExcercisesDay1", "ExcercisesDay1", "{EE7B2C01-BC6A-494E-B230-613F43AC3E0E}"
EndProject
Project("{FAE04EC0-301F-11D3-BF4B-00C04F79EFBC}") = "SurroundString", "SurroundString\SurroundString\SurroundString.csproj", "{FA02222A-A842-4192-90AF-4721FB09F83F}"
EndProject
Project("{FAE04EC0-301F-11D3-BF4B-00C04F79EFBC}") = "BiggestDifference", "BiggestDifference\BiggestDifference\BiggestDifference.csproj", "{DCF64B73-C081-41EA-BEB9-D713B75261B6}"
EndProject
Project("{FAE04EC0-301F-11D3-BF4B-00C04F79EFBC}") = "ArrayClamp", "ArrayClamp\ArrayClamp.csproj", "{58835C46-8260-4E10-AF06-EE1710695B33}"
EndProject
Project("{2150E333-8FDC-42A3-9474-1A3956D46DE8}") = "Day2", "Day2", "{7E634FCF-3C9C-44E9-97C5-435640094E14}"
EndProject
Project("{FAE04EC0-301F-11D3-BF4B-00C04F79EFBC}") = "Polymorphism", "Polymorphism\Polymorphism\Polymorphism.csproj", "{61407B5C-8C3B-4242-8374-D9DFF742A8A8}"
EndProject
Project("{FAE04EC0-301F-11D3-BF4B-00C04F79EFBC}") = "BirdWatchers", "BirdWatchers\BirdWatchers\BirdWatchers.csproj", "{60FCA267-73FB-4784-8B15-E77582CF3433}"
EndProject
Project("{FAE04EC0-301F-11D3-BF4B-00C04F79EFBC}") = "CarAndPredicates", "CarAndPredicates\CarAndPredicates.csproj", "{B13E3E9A-4E63-4539-A4B7-4C1736F6F630}"
EndProject
Project("{FAE04EC0-301F-11D3-BF4B-00C04F79EFBC}") = "DoctorsWaitingRoom", "Doctors_Waiting_Room\DoctorsWaitingRoom\DoctorsWaitingRoom.csproj", "{27C4056E-A2DA-4E7B-BC17-C25AC68178D8}"
EndProject
Project("{FAE04EC0-301F-11D3-BF4B-00C04F79EFBC}") = "ProductOf4Consecutives", "ProductOf4Consecutives\ProductOf4Consecutives.csproj", "{AAA8956D-DFE7-4704-93B3-E72A4B181D07}"
EndProject
Project("{2150E333-8FDC-42A3-9474-1A3956D46DE8}") = "ChallengingExcercisesDay2", "ChallengingExcercisesDay2", "{21F7822C-5DBE-4559-9CBC-6B2AECB2A598}"
EndProject
Project("{2150E333-8FDC-42A3-9474-1A3956D46DE8}") = "RandomStrings", "RandomStrings", "{C3F367C0-8248-463F-8CBC-85C0F96D0AC7}"
EndProject
Project("{FAE04EC0-301F-11D3-BF4B-00C04F79EFBC}") = "LetsDoSomeRandomStrings", "LetsDoSomeRandomStrings\LetsDoSomeRandomStrings.csproj", "{B057CC89-BCE4-4E3C-914F-A41635BAF439}"
EndProject
Global
	GlobalSection(SolutionConfigurationPlatforms) = preSolution
		Debug|Any CPU = Debug|Any CPU
		Release|Any CPU = Release|Any CPU
	EndGlobalSection
	GlobalSection(NestedProjects) = preSolution
		{0670D89F-C9AE-4545-A147-46AB7B171E74} = {5B830EDD-E204-4646-9F2F-625BD7DC7C60}
		{B20023BC-A6CA-4910-A19C-544AE6BF990E} = {5B830EDD-E204-4646-9F2F-625BD7DC7C60}
		{BB8277A8-85F9-4572-A9B4-A27E680F9D79} = {5B830EDD-E204-4646-9F2F-625BD7DC7C60}
		{FA02222A-A842-4192-90AF-4721FB09F83F} = {EE7B2C01-BC6A-494E-B230-613F43AC3E0E}
		{DCF64B73-C081-41EA-BEB9-D713B75261B6} = {EE7B2C01-BC6A-494E-B230-613F43AC3E0E}
		{58835C46-8260-4E10-AF06-EE1710695B33} = {EE7B2C01-BC6A-494E-B230-613F43AC3E0E}
		{61407B5C-8C3B-4242-8374-D9DFF742A8A8} = {7E634FCF-3C9C-44E9-97C5-435640094E14}
		{60FCA267-73FB-4784-8B15-E77582CF3433} = {7E634FCF-3C9C-44E9-97C5-435640094E14}
		{B13E3E9A-4E63-4539-A4B7-4C1736F6F630} = {7E634FCF-3C9C-44E9-97C5-435640094E14}
		{27C4056E-A2DA-4E7B-BC17-C25AC68178D8} = {7E634FCF-3C9C-44E9-97C5-435640094E14}
		{3062CA2E-59DB-44E4-B717-DFBA5FDF3E48} = {21F7822C-5DBE-4559-9CBC-6B2AECB2A598}
		{AAA8956D-DFE7-4704-93B3-E72A4B181D07} = {21F7822C-5DBE-4559-9CBC-6B2AECB2A598}
		{B057CC89-BCE4-4E3C-914F-A41635BAF439} = {C3F367C0-8248-463F-8CBC-85C0F96D0AC7}
	EndGlobalSection
	GlobalSection(ProjectConfigurationPlatforms) = postSolution
		{0670D89F-C9AE-4545-A147-46AB7B171E74}.Debug|Any CPU.ActiveCfg = Debug|Any CPU
		{0670D89F-C9AE-4545-A147-46AB7B171E74}.Debug|Any CPU.Build.0 = Debug|Any CPU
		{0670D89F-C9AE-4545-A147-46AB7B171E74}.Release|Any CPU.ActiveCfg = Release|Any CPU
		{0670D89F-C9AE-4545-A147-46AB7B171E74}.Release|Any CPU.Build.0 = Release|Any CPU
		{B20023BC-A6CA-4910-A19C-544AE6BF990E}.Debug|Any CPU.ActiveCfg = Debug|Any CPU
		{B20023BC-A6CA-4910-A19C-544AE6BF990E}.Debug|Any CPU.Build.0 = Debug|Any CPU
		{B20023BC-A6CA-4910-A19C-544AE6BF990E}.Release|Any CPU.ActiveCfg = Release|Any CPU
		{B20023BC-A6CA-4910-A19C-544AE6BF990E}.Release|Any CPU.Build.0 = Release|Any CPU
		{BB8277A8-85F9-4572-A9B4-A27E680F9D79}.Debug|Any CPU.ActiveCfg = Debug|Any CPU
		{BB8277A8-85F9-4572-A9B4-A27E680F9D79}.Debug|Any CPU.Build.0 = Debug|Any CPU
		{BB8277A8-85F9-4572-A9B4-A27E680F9D79}.Release|Any CPU.ActiveCfg = Release|Any CPU
		{BB8277A8-85F9-4572-A9B4-A27E680F9D79}.Release|Any CPU.Build.0 = Release|Any CPU
		{3062CA2E-59DB-44E4-B717-DFBA5FDF3E48}.Debug|Any CPU.ActiveCfg = Debug|Any CPU
		{3062CA2E-59DB-44E4-B717-DFBA5FDF3E48}.Debug|Any CPU.Build.0 = Debug|Any CPU
		{3062CA2E-59DB-44E4-B717-DFBA5FDF3E48}.Release|Any CPU.ActiveCfg = Release|Any CPU
		{3062CA2E-59DB-44E4-B717-DFBA5FDF3E48}.Release|Any CPU.Build.0 = Release|Any CPU
		{FA02222A-A842-4192-90AF-4721FB09F83F}.Debug|Any CPU.ActiveCfg = Debug|Any CPU
		{FA02222A-A842-4192-90AF-4721FB09F83F}.Debug|Any CPU.Build.0 = Debug|Any CPU
		{FA02222A-A842-4192-90AF-4721FB09F83F}.Release|Any CPU.ActiveCfg = Release|Any CPU
		{FA02222A-A842-4192-90AF-4721FB09F83F}.Release|Any CPU.Build.0 = Release|Any CPU
		{DCF64B73-C081-41EA-BEB9-D713B75261B6}.Debug|Any CPU.ActiveCfg = Debug|Any CPU
		{DCF64B73-C081-41EA-BEB9-D713B75261B6}.Debug|Any CPU.Build.0 = Debug|Any CPU
		{DCF64B73-C081-41EA-BEB9-D713B75261B6}.Release|Any CPU.ActiveCfg = Release|Any CPU
		{DCF64B73-C081-41EA-BEB9-D713B75261B6}.Release|Any CPU.Build.0 = Release|Any CPU
		{58835C46-8260-4E10-AF06-EE1710695B33}.Debug|Any CPU.ActiveCfg = Debug|Any CPU
		{58835C46-8260-4E10-AF06-EE1710695B33}.Debug|Any CPU.Build.0 = Debug|Any CPU
		{58835C46-8260-4E10-AF06-EE1710695B33}.Release|Any CPU.ActiveCfg = Release|Any CPU
		{58835C46-8260-4E10-AF06-EE1710695B33}.Release|Any CPU.Build.0 = Release|Any CPU
		{61407B5C-8C3B-4242-8374-D9DFF742A8A8}.Debug|Any CPU.ActiveCfg = Debug|Any CPU
		{61407B5C-8C3B-4242-8374-D9DFF742A8A8}.Debug|Any CPU.Build.0 = Debug|Any CPU
		{61407B5C-8C3B-4242-8374-D9DFF742A8A8}.Release|Any CPU.ActiveCfg = Release|Any CPU
		{61407B5C-8C3B-4242-8374-D9DFF742A8A8}.Release|Any CPU.Build.0 = Release|Any CPU
		{60FCA267-73FB-4784-8B15-E77582CF3433}.Debug|Any CPU.ActiveCfg = Debug|Any CPU
		{60FCA267-73FB-4784-8B15-E77582CF3433}.Debug|Any CPU.Build.0 = Debug|Any CPU
		{60FCA267-73FB-4784-8B15-E77582CF3433}.Release|Any CPU.ActiveCfg = Release|Any CPU
		{60FCA267-73FB-4784-8B15-E77582CF3433}.Release|Any CPU.Build.0 = Release|Any CPU
		{B13E3E9A-4E63-4539-A4B7-4C1736F6F630}.Debug|Any CPU.ActiveCfg = Debug|Any CPU
		{B13E3E9A-4E63-4539-A4B7-4C1736F6F630}.Debug|Any CPU.Build.0 = Debug|Any CPU
		{B13E3E9A-4E63-4539-A4B7-4C1736F6F630}.Release|Any CPU.ActiveCfg = Release|Any CPU
		{B13E3E9A-4E63-4539-A4B7-4C1736F6F630}.Release|Any CPU.Build.0 = Release|Any CPU
		{27C4056E-A2DA-4E7B-BC17-C25AC68178D8}.Debug|Any CPU.ActiveCfg = Debug|Any CPU
		{27C4056E-A2DA-4E7B-BC17-C25AC68178D8}.Debug|Any CPU.Build.0 = Debug|Any CPU
		{27C4056E-A2DA-4E7B-BC17-C25AC68178D8}.Release|Any CPU.ActiveCfg = Release|Any CPU
		{27C4056E-A2DA-4E7B-BC17-C25AC68178D8}.Release|Any CPU.Build.0 = Release|Any CPU
		{AAA8956D-DFE7-4704-93B3-E72A4B181D07}.Debug|Any CPU.ActiveCfg = Debug|Any CPU
		{AAA8956D-DFE7-4704-93B3-E72A4B181D07}.Debug|Any CPU.Build.0 = Debug|Any CPU
		{AAA8956D-DFE7-4704-93B3-E72A4B181D07}.Release|Any CPU.ActiveCfg = Release|Any CPU
		{AAA8956D-DFE7-4704-93B3-E72A4B181D07}.Release|Any CPU.Build.0 = Release|Any CPU
		{B057CC89-BCE4-4E3C-914F-A41635BAF439}.Debug|Any CPU.ActiveCfg = Debug|Any CPU
		{B057CC89-BCE4-4E3C-914F-A41635BAF439}.Debug|Any CPU.Build.0 = Debug|Any CPU
		{B057CC89-BCE4-4E3C-914F-A41635BAF439}.Release|Any CPU.ActiveCfg = Release|Any CPU
		{B057CC89-BCE4-4E3C-914F-A41635BAF439}.Release|Any CPU.Build.0 = Release|Any CPU
	EndGlobalSection
EndGlobal
